
Microsoft Visual Studio Solution File, Format Version 12.00
Project("{FAE04EC0-301F-11D3-BF4B-00C04F79EFBC}") = "WorldeSimulator", "WorldeSimulator\WorldeSimulator.csproj", "{8ABB0382-3D01-4721-BF8F-8B30FBC6508F}"
EndProject
Global
	GlobalSection(SolutionConfigurationPlatforms) = preSolution
		Debug|Any CPU = Debug|Any CPU
		Release|Any CPU = Release|Any CPU
	EndGlobalSection
	GlobalSection(ProjectConfigurationPlatforms) = postSolution
		{8ABB0382-3D01-4721-BF8F-8B30FBC6508F}.Debug|Any CPU.ActiveCfg = Debug|Any CPU
		{8ABB0382-3D01-4721-BF8F-8B30FBC6508F}.Debug|Any CPU.Build.0 = Debug|Any CPU
		{8ABB0382-3D01-4721-BF8F-8B30FBC6508F}.Release|Any CPU.ActiveCfg = Release|Any CPU
		{8ABB0382-3D01-4721-BF8F-8B30FBC6508F}.Release|Any CPU.Build.0 = Release|Any CPU
	EndGlobalSection
EndGlobal
